
Microsoft Visual Studio Solution File, Format Version 12.00
# Visual Studio Version 16
VisualStudioVersion = 16.0.29409.12
MinimumVisualStudioVersion = 10.0.40219.1
Project("{FAE04EC0-301F-11D3-BF4B-00C04F79EFBC}") = "Sample_01.Sandbox", "Sandbox\Sample_01.Sandbox.csproj", "{07E10AF0-75FC-45EC-A7C1-3F17601878DC}"
EndProject
Global
	GlobalSection(SolutionConfigurationPlatforms) = preSolution
		Debug|Any CPU = Debug|Any CPU
		Release|Any CPU = Release|Any CPU
	EndGlobalSection
	GlobalSection(ProjectConfigurationPlatforms) = postSolution
		{07E10AF0-75FC-45EC-A7C1-3F17601878DC}.Debug|Any CPU.ActiveCfg = Debug|Any CPU
		{07E10AF0-75FC-45EC-A7C1-3F17601878DC}.Debug|Any CPU.Build.0 = Debug|Any CPU
		{07E10AF0-75FC-45EC-A7C1-3F17601878DC}.Release|Any CPU.ActiveCfg = Release|Any CPU
		{07E10AF0-75FC-45EC-A7C1-3F17601878DC}.Release|Any CPU.Build.0 = Release|Any CPU
	EndGlobalSection
	GlobalSection(SolutionProperties) = preSolution
		HideSolutionNode = FALSE
	EndGlobalSection
	GlobalSection(ExtensibilityGlobals) = postSolution
		SolutionGuid = {64C1EB07-CD9A-4FD2-8BCE-3A44E1FA2335}
	EndGlobalSection
EndGlobal
