
Microsoft Visual Studio Solution File, Format Version 12.00
# Visual Studio Version 16
VisualStudioVersion = 16.0.29409.12
MinimumVisualStudioVersion = 10.0.40219.1
Project("{FAE04EC0-301F-11D3-BF4B-00C04F79EFBC}") = "Sample_02.Animals", "Sample_02.Animals\Sample_02.Animals.csproj", "{ABCFC30A-1F49-4F37-AE45-442F9BD698FA}"
EndProject
Global
	GlobalSection(SolutionConfigurationPlatforms) = preSolution
		Debug|Any CPU = Debug|Any CPU
		Release|Any CPU = Release|Any CPU
	EndGlobalSection
	GlobalSection(ProjectConfigurationPlatforms) = postSolution
		{ABCFC30A-1F49-4F37-AE45-442F9BD698FA}.Debug|Any CPU.ActiveCfg = Debug|Any CPU
		{ABCFC30A-1F49-4F37-AE45-442F9BD698FA}.Debug|Any CPU.Build.0 = Debug|Any CPU
		{ABCFC30A-1F49-4F37-AE45-442F9BD698FA}.Release|Any CPU.ActiveCfg = Release|Any CPU
		{ABCFC30A-1F49-4F37-AE45-442F9BD698FA}.Release|Any CPU.Build.0 = Release|Any CPU
	EndGlobalSection
	GlobalSection(SolutionProperties) = preSolution
		HideSolutionNode = FALSE
	EndGlobalSection
	GlobalSection(ExtensibilityGlobals) = postSolution
		SolutionGuid = {DF8B8236-1C7B-4879-8CC2-6DC319033FD2}
	EndGlobalSection
EndGlobal
